
Microsoft Visual Studio Solution File, Format Version 12.00
# Visual Studio Version 17
VisualStudioVersion = 17.8.34525.116
MinimumVisualStudioVersion = 10.0.40219.1
Project("{FAE04EC0-301F-11D3-BF4B-00C04F79EFBC}") = "Calendar", "Calendar\Calendar.csproj", "{54E35BB2-8828-46E3-BA08-EF81477161EC}"
EndProject
Global
	GlobalSection(SolutionConfigurationPlatforms) = preSolution
		Debug|Any CPU = Debug|Any CPU
		Release|Any CPU = Release|Any CPU
	EndGlobalSection
	GlobalSection(ProjectConfigurationPlatforms) = postSolution
		{54E35BB2-8828-46E3-BA08-EF81477161EC}.Debug|Any CPU.ActiveCfg = Debug|Any CPU
		{54E35BB2-8828-46E3-BA08-EF81477161EC}.Debug|Any CPU.Build.0 = Debug|Any CPU
		{54E35BB2-8828-46E3-BA08-EF81477161EC}.Release|Any CPU.ActiveCfg = Release|Any CPU
		{54E35BB2-8828-46E3-BA08-EF81477161EC}.Release|Any CPU.Build.0 = Release|Any CPU
	EndGlobalSection
	GlobalSection(SolutionProperties) = preSolution
		HideSolutionNode = FALSE
	EndGlobalSection
	GlobalSection(ExtensibilityGlobals) = postSolution
		SolutionGuid = {DF979063-A435-4706-9962-7D34D292A353}
	EndGlobalSection
EndGlobal
